
Microsoft Visual Studio Solution File, Format Version 12.00
# Visual Studio Version 16
VisualStudioVersion = 16.0.29509.3
MinimumVisualStudioVersion = 10.0.40219.1
Project("{FAE04EC0-301F-11D3-BF4B-00C04F79EFBC}") = "OgrYurt", "OgrYurt\OgrYurt.csproj", "{B23A8B2E-4921-4791-A299-25409E7024F4}"
EndProject
Project("{FAE04EC0-301F-11D3-BF4B-00C04F79EFBC}") = "VeriSorgulari", "VeriSorgulari\VeriSorgulari.csproj", "{5E223542-11E8-4EC0-B415-9D2E552E40F2}"
EndProject
Global
	GlobalSection(SolutionConfigurationPlatforms) = preSolution
		Debug|Any CPU = Debug|Any CPU
		Release|Any CPU = Release|Any CPU
	EndGlobalSection
	GlobalSection(ProjectConfigurationPlatforms) = postSolution
		{B23A8B2E-4921-4791-A299-25409E7024F4}.Debug|Any CPU.ActiveCfg = Debug|Any CPU
		{B23A8B2E-4921-4791-A299-25409E7024F4}.Debug|Any CPU.Build.0 = Debug|Any CPU
		{B23A8B2E-4921-4791-A299-25409E7024F4}.Release|Any CPU.ActiveCfg = Release|Any CPU
		{B23A8B2E-4921-4791-A299-25409E7024F4}.Release|Any CPU.Build.0 = Release|Any CPU
		{5E223542-11E8-4EC0-B415-9D2E552E40F2}.Debug|Any CPU.ActiveCfg = Debug|Any CPU
		{5E223542-11E8-4EC0-B415-9D2E552E40F2}.Debug|Any CPU.Build.0 = Debug|Any CPU
		{5E223542-11E8-4EC0-B415-9D2E552E40F2}.Release|Any CPU.ActiveCfg = Release|Any CPU
		{5E223542-11E8-4EC0-B415-9D2E552E40F2}.Release|Any CPU.Build.0 = Release|Any CPU
	EndGlobalSection
	GlobalSection(SolutionProperties) = preSolution
		HideSolutionNode = FALSE
	EndGlobalSection
	GlobalSection(ExtensibilityGlobals) = postSolution
		SolutionGuid = {0C1D2530-7107-4686-9EC5-D57894166AD2}
	EndGlobalSection
EndGlobal
